
Microsoft Visual Studio Solution File, Format Version 12.00
# Visual Studio Version 16
VisualStudioVersion = 16.0.30330.147
MinimumVisualStudioVersion = 10.0.40219.1
Project("{FAE04EC0-301F-11D3-BF4B-00C04F79EFBC}") = "TABLE MAKE MAN", "TABLE MAKE MAN\TABLE MAKE MAN.csproj", "{D1DD0099-3994-4627-8679-5FA6159EAF17}"
EndProject
Global
	GlobalSection(SolutionConfigurationPlatforms) = preSolution
		Debug|Any CPU = Debug|Any CPU
		Release|Any CPU = Release|Any CPU
	EndGlobalSection
	GlobalSection(ProjectConfigurationPlatforms) = postSolution
		{D1DD0099-3994-4627-8679-5FA6159EAF17}.Debug|Any CPU.ActiveCfg = Debug|Any CPU
		{D1DD0099-3994-4627-8679-5FA6159EAF17}.Debug|Any CPU.Build.0 = Debug|Any CPU
		{D1DD0099-3994-4627-8679-5FA6159EAF17}.Release|Any CPU.ActiveCfg = Release|Any CPU
		{D1DD0099-3994-4627-8679-5FA6159EAF17}.Release|Any CPU.Build.0 = Release|Any CPU
	EndGlobalSection
	GlobalSection(SolutionProperties) = preSolution
		HideSolutionNode = FALSE
	EndGlobalSection
	GlobalSection(ExtensibilityGlobals) = postSolution
		SolutionGuid = {EE2158F4-D084-4406-8259-395EC4A2481E}
	EndGlobalSection
EndGlobal
